
Microsoft Visual Studio Solution File, Format Version 12.00
# Visual Studio Version 17
VisualStudioVersion = 17.5.33530.505
MinimumVisualStudioVersion = 10.0.40219.1
Project("{FAE04EC0-301F-11D3-BF4B-00C04F79EFBC}") = "New york marketi", "New york marketi\New york marketi.csproj", "{DEADC977-118F-4BF1-9C78-17E90641D0A1}"
EndProject
Global
	GlobalSection(SolutionConfigurationPlatforms) = preSolution
		Debug|Any CPU = Debug|Any CPU
		Release|Any CPU = Release|Any CPU
	EndGlobalSection
	GlobalSection(ProjectConfigurationPlatforms) = postSolution
		{DEADC977-118F-4BF1-9C78-17E90641D0A1}.Debug|Any CPU.ActiveCfg = Debug|Any CPU
		{DEADC977-118F-4BF1-9C78-17E90641D0A1}.Debug|Any CPU.Build.0 = Debug|Any CPU
		{DEADC977-118F-4BF1-9C78-17E90641D0A1}.Release|Any CPU.ActiveCfg = Release|Any CPU
		{DEADC977-118F-4BF1-9C78-17E90641D0A1}.Release|Any CPU.Build.0 = Release|Any CPU
	EndGlobalSection
	GlobalSection(SolutionProperties) = preSolution
		HideSolutionNode = FALSE
	EndGlobalSection
	GlobalSection(ExtensibilityGlobals) = postSolution
		SolutionGuid = {1E17E716-DECA-4EBE-8237-B1A9413B4F5A}
	EndGlobalSection
EndGlobal
